
Microsoft Visual Studio Solution File, Format Version 12.00
# Visual Studio Version 17
VisualStudioVersion = 17.9.34728.123
MinimumVisualStudioVersion = 10.0.40219.1
Project("{FAE04EC0-301F-11D3-BF4B-00C04F79EFBC}") = "L6", "L6\L6.csproj", "{20459A4E-2119-4ABB-8A53-4C24A84600B4}"
EndProject
Global
	GlobalSection(SolutionConfigurationPlatforms) = preSolution
		Debug|Any CPU = Debug|Any CPU
		Release|Any CPU = Release|Any CPU
	EndGlobalSection
	GlobalSection(ProjectConfigurationPlatforms) = postSolution
		{20459A4E-2119-4ABB-8A53-4C24A84600B4}.Debug|Any CPU.ActiveCfg = Debug|Any CPU
		{20459A4E-2119-4ABB-8A53-4C24A84600B4}.Debug|Any CPU.Build.0 = Debug|Any CPU
		{20459A4E-2119-4ABB-8A53-4C24A84600B4}.Release|Any CPU.ActiveCfg = Release|Any CPU
		{20459A4E-2119-4ABB-8A53-4C24A84600B4}.Release|Any CPU.Build.0 = Release|Any CPU
	EndGlobalSection
	GlobalSection(SolutionProperties) = preSolution
		HideSolutionNode = FALSE
	EndGlobalSection
	GlobalSection(ExtensibilityGlobals) = postSolution
		SolutionGuid = {5ECDBF39-2110-454E-BA0F-822E861D08E8}
	EndGlobalSection
EndGlobal
